
Microsoft Visual Studio Solution File, Format Version 12.00
# Visual Studio 15
VisualStudioVersion = 15.0.28307.1169
MinimumVisualStudioVersion = 10.0.40219.1
Project("{FAE04EC0-301F-11D3-BF4B-00C04F79EFBC}") = "Recebe nome e idade de usuário", "Recebe nome e idade de usuário\Recebe nome e idade de usuário.csproj", "{A5778346-4062-4178-ABC2-56859963FE59}"
EndProject
Global
	GlobalSection(SolutionConfigurationPlatforms) = preSolution
		Debug|Any CPU = Debug|Any CPU
		Release|Any CPU = Release|Any CPU
	EndGlobalSection
	GlobalSection(ProjectConfigurationPlatforms) = postSolution
		{A5778346-4062-4178-ABC2-56859963FE59}.Debug|Any CPU.ActiveCfg = Debug|Any CPU
		{A5778346-4062-4178-ABC2-56859963FE59}.Debug|Any CPU.Build.0 = Debug|Any CPU
		{A5778346-4062-4178-ABC2-56859963FE59}.Release|Any CPU.ActiveCfg = Release|Any CPU
		{A5778346-4062-4178-ABC2-56859963FE59}.Release|Any CPU.Build.0 = Release|Any CPU
	EndGlobalSection
	GlobalSection(SolutionProperties) = preSolution
		HideSolutionNode = FALSE
	EndGlobalSection
	GlobalSection(ExtensibilityGlobals) = postSolution
		SolutionGuid = {8712FF95-17ED-47C3-AC01-440C1F6C72F4}
	EndGlobalSection
EndGlobal
